
Microsoft Visual Studio Solution File, Format Version 12.00
# Visual Studio Version 17
VisualStudioVersion = 17.1.32421.90
MinimumVisualStudioVersion = 10.0.40219.1
Project("{9A19103F-16F7-4668-BE54-9A1E7A4F7556}") = "OtusAlgo", "OtusAlgo\OtusAlgo.csproj", "{149127A2-FB83-4A64-82BB-0D47CF083D05}"
EndProject
Project("{9A19103F-16F7-4668-BE54-9A1E7A4F7556}") = "OtusAlgoStruct", "OtusAlgoStruct\OtusAlgoStruct.csproj", "{73B18264-F128-46B8-945B-D3D0DE1D66B7}"
EndProject
Project("{9A19103F-16F7-4668-BE54-9A1E7A4F7556}") = "OtusBitsAriphm", "OtusBitsAriphm\OtusBitsAriphm.csproj", "{7B067E41-9909-4F3D-BDD6-E58278426F28}"
EndProject
Project("{9A19103F-16F7-4668-BE54-9A1E7A4F7556}") = "OtusAlgoSorting", "OtusAlgoSorting\OtusAlgoSorting.csproj", "{6B31718A-16BB-4D79-B4C8-5CB645A97478}"
EndProject
Project("{9A19103F-16F7-4668-BE54-9A1E7A4F7556}") = "OtusAlgoTree", "OtusAlgoTree\OtusAlgoTree.csproj", "{2A8F5673-2147-4953-B978-CBAB06C0CCDB}"
EndProject
Project("{9A19103F-16F7-4668-BE54-9A1E7A4F7556}") = "OtusAlgoHashTable", "OtusAlgoHashTable\OtusAlgoHashTable.csproj", "{E2E6B440-48ED-4276-8B96-574EC097DEC2}"
EndProject
Project("{9A19103F-16F7-4668-BE54-9A1E7A4F7556}") = "OtusAlgoTrie", "OtusAlgoTrie\OtusAlgoTrie.csproj", "{FC89939E-3053-409B-B6BA-CDDB936DF62A}"
EndProject
Project("{FAE04EC0-301F-11D3-BF4B-00C04F79EFBC}") = "OtusKosarajus", "OtusKosarajus\OtusKosarajus.csproj", "{AE8CE0D7-4871-4C1D-999A-966A76362F79}"
EndProject
Global
	GlobalSection(SolutionConfigurationPlatforms) = preSolution
		Debug|Any CPU = Debug|Any CPU
		Release|Any CPU = Release|Any CPU
	EndGlobalSection
	GlobalSection(ProjectConfigurationPlatforms) = postSolution
		{149127A2-FB83-4A64-82BB-0D47CF083D05}.Debug|Any CPU.ActiveCfg = Debug|Any CPU
		{149127A2-FB83-4A64-82BB-0D47CF083D05}.Debug|Any CPU.Build.0 = Debug|Any CPU
		{149127A2-FB83-4A64-82BB-0D47CF083D05}.Release|Any CPU.ActiveCfg = Release|Any CPU
		{149127A2-FB83-4A64-82BB-0D47CF083D05}.Release|Any CPU.Build.0 = Release|Any CPU
		{73B18264-F128-46B8-945B-D3D0DE1D66B7}.Debug|Any CPU.ActiveCfg = Debug|Any CPU
		{73B18264-F128-46B8-945B-D3D0DE1D66B7}.Debug|Any CPU.Build.0 = Debug|Any CPU
		{73B18264-F128-46B8-945B-D3D0DE1D66B7}.Release|Any CPU.ActiveCfg = Release|Any CPU
		{73B18264-F128-46B8-945B-D3D0DE1D66B7}.Release|Any CPU.Build.0 = Release|Any CPU
		{7B067E41-9909-4F3D-BDD6-E58278426F28}.Debug|Any CPU.ActiveCfg = Debug|Any CPU
		{7B067E41-9909-4F3D-BDD6-E58278426F28}.Debug|Any CPU.Build.0 = Debug|Any CPU
		{7B067E41-9909-4F3D-BDD6-E58278426F28}.Release|Any CPU.ActiveCfg = Release|Any CPU
		{7B067E41-9909-4F3D-BDD6-E58278426F28}.Release|Any CPU.Build.0 = Release|Any CPU
		{6B31718A-16BB-4D79-B4C8-5CB645A97478}.Debug|Any CPU.ActiveCfg = Debug|Any CPU
		{6B31718A-16BB-4D79-B4C8-5CB645A97478}.Debug|Any CPU.Build.0 = Debug|Any CPU
		{6B31718A-16BB-4D79-B4C8-5CB645A97478}.Release|Any CPU.ActiveCfg = Release|Any CPU
		{6B31718A-16BB-4D79-B4C8-5CB645A97478}.Release|Any CPU.Build.0 = Release|Any CPU
		{2A8F5673-2147-4953-B978-CBAB06C0CCDB}.Debug|Any CPU.ActiveCfg = Debug|Any CPU
		{2A8F5673-2147-4953-B978-CBAB06C0CCDB}.Debug|Any CPU.Build.0 = Debug|Any CPU
		{2A8F5673-2147-4953-B978-CBAB06C0CCDB}.Release|Any CPU.ActiveCfg = Release|Any CPU
		{2A8F5673-2147-4953-B978-CBAB06C0CCDB}.Release|Any CPU.Build.0 = Release|Any CPU
		{E2E6B440-48ED-4276-8B96-574EC097DEC2}.Debug|Any CPU.ActiveCfg = Debug|Any CPU
		{E2E6B440-48ED-4276-8B96-574EC097DEC2}.Debug|Any CPU.Build.0 = Debug|Any CPU
		{E2E6B440-48ED-4276-8B96-574EC097DEC2}.Release|Any CPU.ActiveCfg = Release|Any CPU
		{E2E6B440-48ED-4276-8B96-574EC097DEC2}.Release|Any CPU.Build.0 = Release|Any CPU
		{FC89939E-3053-409B-B6BA-CDDB936DF62A}.Debug|Any CPU.ActiveCfg = Debug|Any CPU
		{FC89939E-3053-409B-B6BA-CDDB936DF62A}.Debug|Any CPU.Build.0 = Debug|Any CPU
		{FC89939E-3053-409B-B6BA-CDDB936DF62A}.Release|Any CPU.ActiveCfg = Release|Any CPU
		{FC89939E-3053-409B-B6BA-CDDB936DF62A}.Release|Any CPU.Build.0 = Release|Any CPU
		{AE8CE0D7-4871-4C1D-999A-966A76362F79}.Debug|Any CPU.ActiveCfg = Debug|Any CPU
		{AE8CE0D7-4871-4C1D-999A-966A76362F79}.Debug|Any CPU.Build.0 = Debug|Any CPU
		{AE8CE0D7-4871-4C1D-999A-966A76362F79}.Release|Any CPU.ActiveCfg = Release|Any CPU
		{AE8CE0D7-4871-4C1D-999A-966A76362F79}.Release|Any CPU.Build.0 = Release|Any CPU
	EndGlobalSection
	GlobalSection(SolutionProperties) = preSolution
		HideSolutionNode = FALSE
	EndGlobalSection
	GlobalSection(ExtensibilityGlobals) = postSolution
		SolutionGuid = {B9FD45E7-5F37-4F96-817A-DF3B4F1158B4}
	EndGlobalSection
EndGlobal
